
Microsoft Visual Studio Solution File, Format Version 12.00
# Visual Studio Version 16
VisualStudioVersion = 16.0.29503.13
MinimumVisualStudioVersion = 10.0.40219.1
Project("{FAE04EC0-301F-11D3-BF4B-00C04F79EFBC}") = "NewTerminal", "NewTerminal\NewTerminal.csproj", "{25505D17-40DA-4B55-8BB8-4E21ACB96286}"
EndProject
Project("{FAE04EC0-301F-11D3-BF4B-00C04F79EFBC}") = "OrdersGrid", "OrdersGrid\OrdersGrid.csproj", "{9C9236FC-055E-47BE-95ED-BDAA245A3507}"
EndProject
Global
	GlobalSection(SolutionConfigurationPlatforms) = preSolution
		Debug|Any CPU = Debug|Any CPU
		Release|Any CPU = Release|Any CPU
	EndGlobalSection
	GlobalSection(ProjectConfigurationPlatforms) = postSolution
		{25505D17-40DA-4B55-8BB8-4E21ACB96286}.Debug|Any CPU.ActiveCfg = Debug|Any CPU
		{25505D17-40DA-4B55-8BB8-4E21ACB96286}.Debug|Any CPU.Build.0 = Debug|Any CPU
		{25505D17-40DA-4B55-8BB8-4E21ACB96286}.Release|Any CPU.ActiveCfg = Release|Any CPU
		{25505D17-40DA-4B55-8BB8-4E21ACB96286}.Release|Any CPU.Build.0 = Release|Any CPU
		{9C9236FC-055E-47BE-95ED-BDAA245A3507}.Debug|Any CPU.ActiveCfg = Debug|Any CPU
		{9C9236FC-055E-47BE-95ED-BDAA245A3507}.Debug|Any CPU.Build.0 = Debug|Any CPU
		{9C9236FC-055E-47BE-95ED-BDAA245A3507}.Release|Any CPU.ActiveCfg = Release|Any CPU
		{9C9236FC-055E-47BE-95ED-BDAA245A3507}.Release|Any CPU.Build.0 = Release|Any CPU
	EndGlobalSection
	GlobalSection(SolutionProperties) = preSolution
		HideSolutionNode = FALSE
	EndGlobalSection
	GlobalSection(ExtensibilityGlobals) = postSolution
		SolutionGuid = {8DC266B3-612A-40BF-A226-340759768E75}
	EndGlobalSection
EndGlobal
